
Microsoft Visual Studio Solution File, Format Version 12.00
# Visual Studio Version 16
VisualStudioVersion = 16.0.31624.102
MinimumVisualStudioVersion = 10.0.40219.1
Project("{9A19103F-16F7-4668-BE54-9A1E7A4F7556}") = "WebApplication2", "WebApplication2.csproj", "{C435CB9D-840C-40B5-9A0D-CEBAE7071D1F}"
EndProject
Project("{FAE04EC0-301F-11D3-BF4B-00C04F79EFBC}") = "TesteAPI", "..\TesteAPI\TesteAPI.csproj", "{43FBE051-275A-47D1-8BA8-787C53EA08AB}"
EndProject
Global
	GlobalSection(SolutionConfigurationPlatforms) = preSolution
		Debug|Any CPU = Debug|Any CPU
		Release|Any CPU = Release|Any CPU
	EndGlobalSection
	GlobalSection(ProjectConfigurationPlatforms) = postSolution
		{C435CB9D-840C-40B5-9A0D-CEBAE7071D1F}.Debug|Any CPU.ActiveCfg = Debug|Any CPU
		{C435CB9D-840C-40B5-9A0D-CEBAE7071D1F}.Debug|Any CPU.Build.0 = Debug|Any CPU
		{C435CB9D-840C-40B5-9A0D-CEBAE7071D1F}.Release|Any CPU.ActiveCfg = Release|Any CPU
		{C435CB9D-840C-40B5-9A0D-CEBAE7071D1F}.Release|Any CPU.Build.0 = Release|Any CPU
		{43FBE051-275A-47D1-8BA8-787C53EA08AB}.Debug|Any CPU.ActiveCfg = Debug|Any CPU
		{43FBE051-275A-47D1-8BA8-787C53EA08AB}.Debug|Any CPU.Build.0 = Debug|Any CPU
		{43FBE051-275A-47D1-8BA8-787C53EA08AB}.Release|Any CPU.ActiveCfg = Release|Any CPU
		{43FBE051-275A-47D1-8BA8-787C53EA08AB}.Release|Any CPU.Build.0 = Release|Any CPU
	EndGlobalSection
	GlobalSection(SolutionProperties) = preSolution
		HideSolutionNode = FALSE
	EndGlobalSection
	GlobalSection(ExtensibilityGlobals) = postSolution
		SolutionGuid = {2A2F7E3B-2BF1-4296-A0F6-70DD4981F606}
	EndGlobalSection
EndGlobal
